
Microsoft Visual Studio Solution File, Format Version 12.00
# Visual Studio Version 17
VisualStudioVersion = 17.4.33205.214
MinimumVisualStudioVersion = 10.0.40219.1
Project("{FAE04EC0-301F-11D3-BF4B-00C04F79EFBC}") = "ganoHesaplama", "ganoHesaplama\ganoHesaplama.csproj", "{48EF29DD-2C95-4625-9BBA-1A9097CDB01A}"
EndProject
Global
	GlobalSection(SolutionConfigurationPlatforms) = preSolution
		Debug|Any CPU = Debug|Any CPU
		Release|Any CPU = Release|Any CPU
	EndGlobalSection
	GlobalSection(ProjectConfigurationPlatforms) = postSolution
		{48EF29DD-2C95-4625-9BBA-1A9097CDB01A}.Debug|Any CPU.ActiveCfg = Debug|Any CPU
		{48EF29DD-2C95-4625-9BBA-1A9097CDB01A}.Debug|Any CPU.Build.0 = Debug|Any CPU
		{48EF29DD-2C95-4625-9BBA-1A9097CDB01A}.Release|Any CPU.ActiveCfg = Release|Any CPU
		{48EF29DD-2C95-4625-9BBA-1A9097CDB01A}.Release|Any CPU.Build.0 = Release|Any CPU
	EndGlobalSection
	GlobalSection(SolutionProperties) = preSolution
		HideSolutionNode = FALSE
	EndGlobalSection
	GlobalSection(ExtensibilityGlobals) = postSolution
		SolutionGuid = {873FAF61-A05E-46CD-80D5-A87E72BF654E}
	EndGlobalSection
EndGlobal
